
Microsoft Visual Studio Solution File, Format Version 12.00
# Visual Studio Version 17
VisualStudioVersion = 17.14.37111.16 d17.14
MinimumVisualStudioVersion = 10.0.40219.1
Project("{FAE04EC0-301F-11D3-BF4B-00C04F79EFBC}") = "Problem2", "Problem2.csproj", "{308B1621-B17B-48A7-AF6E-2B90556A4CB2}"
EndProject
Global
	GlobalSection(SolutionConfigurationPlatforms) = preSolution
		Debug|Any CPU = Debug|Any CPU
		Release|Any CPU = Release|Any CPU
	EndGlobalSection
	GlobalSection(ProjectConfigurationPlatforms) = postSolution
		{308B1621-B17B-48A7-AF6E-2B90556A4CB2}.Debug|Any CPU.ActiveCfg = Debug|Any CPU
		{308B1621-B17B-48A7-AF6E-2B90556A4CB2}.Debug|Any CPU.Build.0 = Debug|Any CPU
		{308B1621-B17B-48A7-AF6E-2B90556A4CB2}.Release|Any CPU.ActiveCfg = Release|Any CPU
		{308B1621-B17B-48A7-AF6E-2B90556A4CB2}.Release|Any CPU.Build.0 = Release|Any CPU
	EndGlobalSection
	GlobalSection(SolutionProperties) = preSolution
		HideSolutionNode = FALSE
	EndGlobalSection
	GlobalSection(ExtensibilityGlobals) = postSolution
		SolutionGuid = {B26C9C44-5B9E-4038-91B3-169F7208EA76}
	EndGlobalSection
EndGlobal
