
Microsoft Visual Studio Solution File, Format Version 12.00
# Visual Studio Version 17
VisualStudioVersion = 17.14.37111.16 d17.14
MinimumVisualStudioVersion = 10.0.40219.1
Project("{FAE04EC0-301F-11D3-BF4B-00C04F79EFBC}") = "Assignment_2", "Assignment_2.csproj", "{810232B7-7A1C-4C2E-9C25-F5B0334B0601}"
EndProject
Global
	GlobalSection(SolutionConfigurationPlatforms) = preSolution
		Debug|Any CPU = Debug|Any CPU
		Release|Any CPU = Release|Any CPU
	EndGlobalSection
	GlobalSection(ProjectConfigurationPlatforms) = postSolution
		{810232B7-7A1C-4C2E-9C25-F5B0334B0601}.Debug|Any CPU.ActiveCfg = Debug|Any CPU
		{810232B7-7A1C-4C2E-9C25-F5B0334B0601}.Debug|Any CPU.Build.0 = Debug|Any CPU
		{810232B7-7A1C-4C2E-9C25-F5B0334B0601}.Release|Any CPU.ActiveCfg = Release|Any CPU
		{810232B7-7A1C-4C2E-9C25-F5B0334B0601}.Release|Any CPU.Build.0 = Release|Any CPU
	EndGlobalSection
	GlobalSection(SolutionProperties) = preSolution
		HideSolutionNode = FALSE
	EndGlobalSection
	GlobalSection(ExtensibilityGlobals) = postSolution
		SolutionGuid = {AF24C323-1749-488A-8D4A-D360FD49D0F5}
	EndGlobalSection
EndGlobal
