
Microsoft Visual Studio Solution File, Format Version 12.00
# Visual Studio Version 17
VisualStudioVersion = 17.14.37111.16 d17.14
MinimumVisualStudioVersion = 10.0.40219.1
Project("{FAE04EC0-301F-11D3-BF4B-00C04F79EFBC}") = "TrainReservationSystem", "TrainReservationSystem.csproj", "{50C5AE28-823D-4FC5-9D65-682287573C3D}"
EndProject
Global
	GlobalSection(SolutionConfigurationPlatforms) = preSolution
		Debug|Any CPU = Debug|Any CPU
		Release|Any CPU = Release|Any CPU
	EndGlobalSection
	GlobalSection(ProjectConfigurationPlatforms) = postSolution
		{50C5AE28-823D-4FC5-9D65-682287573C3D}.Debug|Any CPU.ActiveCfg = Debug|Any CPU
		{50C5AE28-823D-4FC5-9D65-682287573C3D}.Debug|Any CPU.Build.0 = Debug|Any CPU
		{50C5AE28-823D-4FC5-9D65-682287573C3D}.Release|Any CPU.ActiveCfg = Release|Any CPU
		{50C5AE28-823D-4FC5-9D65-682287573C3D}.Release|Any CPU.Build.0 = Release|Any CPU
	EndGlobalSection
	GlobalSection(SolutionProperties) = preSolution
		HideSolutionNode = FALSE
	EndGlobalSection
	GlobalSection(ExtensibilityGlobals) = postSolution
		SolutionGuid = {EF930CEE-EE35-4656-8A43-092F29536C6B}
	EndGlobalSection
EndGlobal
