
Microsoft Visual Studio Solution File, Format Version 12.00
# Visual Studio Version 17
VisualStudioVersion = 17.14.37111.16 d17.14
MinimumVisualStudioVersion = 10.0.40219.1
Project("{FAE04EC0-301F-11D3-BF4B-00C04F79EFBC}") = "Assessment1", "Assessment1.csproj", "{C6270AF8-4D91-47A5-BAFB-91FD521514BA}"
EndProject
Global
	GlobalSection(SolutionConfigurationPlatforms) = preSolution
		Debug|Any CPU = Debug|Any CPU
		Release|Any CPU = Release|Any CPU
	EndGlobalSection
	GlobalSection(ProjectConfigurationPlatforms) = postSolution
		{C6270AF8-4D91-47A5-BAFB-91FD521514BA}.Debug|Any CPU.ActiveCfg = Debug|Any CPU
		{C6270AF8-4D91-47A5-BAFB-91FD521514BA}.Debug|Any CPU.Build.0 = Debug|Any CPU
		{C6270AF8-4D91-47A5-BAFB-91FD521514BA}.Release|Any CPU.ActiveCfg = Release|Any CPU
		{C6270AF8-4D91-47A5-BAFB-91FD521514BA}.Release|Any CPU.Build.0 = Release|Any CPU
	EndGlobalSection
	GlobalSection(SolutionProperties) = preSolution
		HideSolutionNode = FALSE
	EndGlobalSection
	GlobalSection(ExtensibilityGlobals) = postSolution
		SolutionGuid = {C902105F-4593-4E7E-BC8B-4305FC785D1D}
	EndGlobalSection
EndGlobal
